
Microsoft Visual Studio Solution File, Format Version 12.00
# Visual Studio Version 17
VisualStudioVersion = 17.9.34607.119
MinimumVisualStudioVersion = 10.0.40219.1
Project("{9A19103F-16F7-4668-BE54-9A1E7A4F7556}") = "ZymAPI.Tests", "ZymAPI.Tests\ZymAPI.Tests.csproj", "{3D12F872-7438-4CBC-99BD-9753D4C2EC98}"
EndProject
Project("{9A19103F-16F7-4668-BE54-9A1E7A4F7556}") = "Account.DataAccess.EF", "ZymAPI.DataAccess.EF\Account.DataAccess.EF.csproj", "{C0C8D2A5-4AEE-4A4E-8DF5-97A666D1A6D5}"
EndProject
Project("{2150E333-8FDC-42A3-9474-1A3956D46DE8}") = "Microservices", "Microservices", "{7A662442-B614-4262-9F8D-78A8FB9D60CF}"
EndProject
Project("{9A19103F-16F7-4668-BE54-9A1E7A4F7556}") = "Account.Microservice", "Account.Microservice\Account.Microservice.csproj", "{1A99FC63-711A-4FE1-A72C-60660CB60850}"
EndProject
Project("{9A19103F-16F7-4668-BE54-9A1E7A4F7556}") = "Product.Microservice", "Product.Microservice\Product.Microservice.csproj", "{6D3F5A3D-2CAC-48DB-848C-99EBC6F35C64}"
EndProject
Project("{9A19103F-16F7-4668-BE54-9A1E7A4F7556}") = "Orders.Microservice", "Orders.Microservice\Orders.Microservice.csproj", "{0E8B8BC9-5C81-4C30-B7AB-72FA51DBF9DA}"
EndProject
Project("{2150E333-8FDC-42A3-9474-1A3956D46DE8}") = "Data", "Data", "{1DE2D6D9-6AA3-4AC7-8A25-155B0BFBA8CE}"
EndProject
Project("{2150E333-8FDC-42A3-9474-1A3956D46DE8}") = "Tests", "Tests", "{4FEC6389-4AC4-43BB-A878-0E4E4497425E}"
EndProject
Project("{9A19103F-16F7-4668-BE54-9A1E7A4F7556}") = "Product.DataAccess.EF", "Products.DataAccess.EF\Product.DataAccess.EF.csproj", "{BD8789A9-96D0-425C-9585-D96C4130C892}"
EndProject
Project("{9A19103F-16F7-4668-BE54-9A1E7A4F7556}") = "Orders.DataAccess.EF", "Orders.DataAccess.EF\Orders.DataAccess.EF.csproj", "{052B1429-CFE4-4571-9E40-DD1C4956FB71}"
EndProject
Project("{FAE04EC0-301F-11D3-BF4B-00C04F79EFBC}") = "ZymAPI.Gateway", "ZymAPI.Gateway\ZymAPI.Gateway.csproj", "{2295F27F-0874-42F9-8B25-858F6DAAEB2C}"
EndProject
Global
	GlobalSection(SolutionConfigurationPlatforms) = preSolution
		Debug|Any CPU = Debug|Any CPU
		Release|Any CPU = Release|Any CPU
	EndGlobalSection
	GlobalSection(ProjectConfigurationPlatforms) = postSolution
		{3D12F872-7438-4CBC-99BD-9753D4C2EC98}.Debug|Any CPU.ActiveCfg = Debug|Any CPU
		{3D12F872-7438-4CBC-99BD-9753D4C2EC98}.Debug|Any CPU.Build.0 = Debug|Any CPU
		{3D12F872-7438-4CBC-99BD-9753D4C2EC98}.Release|Any CPU.ActiveCfg = Release|Any CPU
		{3D12F872-7438-4CBC-99BD-9753D4C2EC98}.Release|Any CPU.Build.0 = Release|Any CPU
		{C0C8D2A5-4AEE-4A4E-8DF5-97A666D1A6D5}.Debug|Any CPU.ActiveCfg = Debug|Any CPU
		{C0C8D2A5-4AEE-4A4E-8DF5-97A666D1A6D5}.Debug|Any CPU.Build.0 = Debug|Any CPU
		{C0C8D2A5-4AEE-4A4E-8DF5-97A666D1A6D5}.Release|Any CPU.ActiveCfg = Release|Any CPU
		{C0C8D2A5-4AEE-4A4E-8DF5-97A666D1A6D5}.Release|Any CPU.Build.0 = Release|Any CPU
		{1A99FC63-711A-4FE1-A72C-60660CB60850}.Debug|Any CPU.ActiveCfg = Debug|Any CPU
		{1A99FC63-711A-4FE1-A72C-60660CB60850}.Debug|Any CPU.Build.0 = Debug|Any CPU
		{1A99FC63-711A-4FE1-A72C-60660CB60850}.Release|Any CPU.ActiveCfg = Release|Any CPU
		{1A99FC63-711A-4FE1-A72C-60660CB60850}.Release|Any CPU.Build.0 = Release|Any CPU
		{6D3F5A3D-2CAC-48DB-848C-99EBC6F35C64}.Debug|Any CPU.ActiveCfg = Debug|Any CPU
		{6D3F5A3D-2CAC-48DB-848C-99EBC6F35C64}.Debug|Any CPU.Build.0 = Debug|Any CPU
		{6D3F5A3D-2CAC-48DB-848C-99EBC6F35C64}.Release|Any CPU.ActiveCfg = Release|Any CPU
		{6D3F5A3D-2CAC-48DB-848C-99EBC6F35C64}.Release|Any CPU.Build.0 = Release|Any CPU
		{0E8B8BC9-5C81-4C30-B7AB-72FA51DBF9DA}.Debug|Any CPU.ActiveCfg = Debug|Any CPU
		{0E8B8BC9-5C81-4C30-B7AB-72FA51DBF9DA}.Debug|Any CPU.Build.0 = Debug|Any CPU
		{0E8B8BC9-5C81-4C30-B7AB-72FA51DBF9DA}.Release|Any CPU.ActiveCfg = Release|Any CPU
		{0E8B8BC9-5C81-4C30-B7AB-72FA51DBF9DA}.Release|Any CPU.Build.0 = Release|Any CPU
		{BD8789A9-96D0-425C-9585-D96C4130C892}.Debug|Any CPU.ActiveCfg = Debug|Any CPU
		{BD8789A9-96D0-425C-9585-D96C4130C892}.Debug|Any CPU.Build.0 = Debug|Any CPU
		{BD8789A9-96D0-425C-9585-D96C4130C892}.Release|Any CPU.ActiveCfg = Release|Any CPU
		{BD8789A9-96D0-425C-9585-D96C4130C892}.Release|Any CPU.Build.0 = Release|Any CPU
		{052B1429-CFE4-4571-9E40-DD1C4956FB71}.Debug|Any CPU.ActiveCfg = Debug|Any CPU
		{052B1429-CFE4-4571-9E40-DD1C4956FB71}.Debug|Any CPU.Build.0 = Debug|Any CPU
		{052B1429-CFE4-4571-9E40-DD1C4956FB71}.Release|Any CPU.ActiveCfg = Release|Any CPU
		{052B1429-CFE4-4571-9E40-DD1C4956FB71}.Release|Any CPU.Build.0 = Release|Any CPU
		{2295F27F-0874-42F9-8B25-858F6DAAEB2C}.Debug|Any CPU.ActiveCfg = Debug|Any CPU
		{2295F27F-0874-42F9-8B25-858F6DAAEB2C}.Debug|Any CPU.Build.0 = Debug|Any CPU
		{2295F27F-0874-42F9-8B25-858F6DAAEB2C}.Release|Any CPU.ActiveCfg = Release|Any CPU
		{2295F27F-0874-42F9-8B25-858F6DAAEB2C}.Release|Any CPU.Build.0 = Release|Any CPU
	EndGlobalSection
	GlobalSection(SolutionProperties) = preSolution
		HideSolutionNode = FALSE
	EndGlobalSection
	GlobalSection(NestedProjects) = preSolution
		{3D12F872-7438-4CBC-99BD-9753D4C2EC98} = {4FEC6389-4AC4-43BB-A878-0E4E4497425E}
		{C0C8D2A5-4AEE-4A4E-8DF5-97A666D1A6D5} = {1DE2D6D9-6AA3-4AC7-8A25-155B0BFBA8CE}
		{1A99FC63-711A-4FE1-A72C-60660CB60850} = {7A662442-B614-4262-9F8D-78A8FB9D60CF}
		{6D3F5A3D-2CAC-48DB-848C-99EBC6F35C64} = {7A662442-B614-4262-9F8D-78A8FB9D60CF}
		{0E8B8BC9-5C81-4C30-B7AB-72FA51DBF9DA} = {7A662442-B614-4262-9F8D-78A8FB9D60CF}
		{BD8789A9-96D0-425C-9585-D96C4130C892} = {1DE2D6D9-6AA3-4AC7-8A25-155B0BFBA8CE}
		{052B1429-CFE4-4571-9E40-DD1C4956FB71} = {1DE2D6D9-6AA3-4AC7-8A25-155B0BFBA8CE}
	EndGlobalSection
	GlobalSection(ExtensibilityGlobals) = postSolution
		SolutionGuid = {85B8C9D0-3A9C-415A-BF4C-821D813C0B96}
	EndGlobalSection
EndGlobal
